
Microsoft Visual Studio Solution File, Format Version 12.00
# Visual Studio Version 17
VisualStudioVersion = 17.4.33213.308
MinimumVisualStudioVersion = 10.0.40219.1
Project("{FAE04EC0-301F-11D3-BF4B-00C04F79EFBC}") = "Brainiac", "Brainiac\Brainiac.csproj", "{8ACF278F-ED0F-450B-A242-EFF33FE22941}"
EndProject
Global
	GlobalSection(SolutionConfigurationPlatforms) = preSolution
		Debug|Any CPU = Debug|Any CPU
		Release|Any CPU = Release|Any CPU
	EndGlobalSection
	GlobalSection(ProjectConfigurationPlatforms) = postSolution
		{8ACF278F-ED0F-450B-A242-EFF33FE22941}.Debug|Any CPU.ActiveCfg = Debug|Any CPU
		{8ACF278F-ED0F-450B-A242-EFF33FE22941}.Debug|Any CPU.Build.0 = Debug|Any CPU
		{8ACF278F-ED0F-450B-A242-EFF33FE22941}.Release|Any CPU.ActiveCfg = Release|Any CPU
		{8ACF278F-ED0F-450B-A242-EFF33FE22941}.Release|Any CPU.Build.0 = Release|Any CPU
	EndGlobalSection
	GlobalSection(SolutionProperties) = preSolution
		HideSolutionNode = FALSE
	EndGlobalSection
	GlobalSection(ExtensibilityGlobals) = postSolution
		SolutionGuid = {74DA5F16-4FC6-4AAD-9F79-3636C7DF3176}
	EndGlobalSection
EndGlobal
