
Microsoft Visual Studio Solution File, Format Version 12.00
# Visual Studio Version 17
VisualStudioVersion = 17.4.33213.308
MinimumVisualStudioVersion = 10.0.40219.1
Project("{FAE04EC0-301F-11D3-BF4B-00C04F79EFBC}") = "Scholastic App", "Scholastic App\Scholastic App.csproj", "{5E74B8E3-841C-4035-8801-CDEDD199FB78}"
EndProject
Global
	GlobalSection(SolutionConfigurationPlatforms) = preSolution
		Debug|Any CPU = Debug|Any CPU
		Release|Any CPU = Release|Any CPU
	EndGlobalSection
	GlobalSection(ProjectConfigurationPlatforms) = postSolution
		{5E74B8E3-841C-4035-8801-CDEDD199FB78}.Debug|Any CPU.ActiveCfg = Debug|Any CPU
		{5E74B8E3-841C-4035-8801-CDEDD199FB78}.Debug|Any CPU.Build.0 = Debug|Any CPU
		{5E74B8E3-841C-4035-8801-CDEDD199FB78}.Release|Any CPU.ActiveCfg = Release|Any CPU
		{5E74B8E3-841C-4035-8801-CDEDD199FB78}.Release|Any CPU.Build.0 = Release|Any CPU
	EndGlobalSection
	GlobalSection(SolutionProperties) = preSolution
		HideSolutionNode = FALSE
	EndGlobalSection
	GlobalSection(ExtensibilityGlobals) = postSolution
		SolutionGuid = {09E26FE4-816C-4FBF-807F-482FF32A5969}
	EndGlobalSection
EndGlobal
